
Microsoft Visual Studio Solution File, Format Version 12.00
# Visual Studio Version 17
VisualStudioVersion = 17.0.31903.59
MinimumVisualStudioVersion = 10.0.40219.1
Project("{2150E333-8FDC-42A3-9474-1A3956D46DE8}") = "src", "src", "{6ED356A7-8B47-4613-AD01-C85CF28491BD}"
EndProject
Project("{2150E333-8FDC-42A3-9474-1A3956D46DE8}") = "tests", "tests", "{664D406C-2F83-48F0-BFC3-408D5CB53C65}"
EndProject
Project("{9A19103F-16F7-4668-BE54-9A1E7A4F7556}") = "Application.UnitTests", "tests\Application.UnitTests\Application.UnitTests.csproj", "{DEFF4009-1FAB-4392-80B6-707E2DC5C00B}"
EndProject
Project("{9A19103F-16F7-4668-BE54-9A1E7A4F7556}") = "Domain.UnitTests", "tests\Domain.UnitTests\Domain.UnitTests.csproj", "{DC37FD87-552C-4613-9F16-1537CA522898}"
EndProject
Project("{2150E333-8FDC-42A3-9474-1A3956D46DE8}") = "Solution Items", "Solution Items", "{E2DA20AA-28D1-455C-BF50-C49A8F831633}"
	ProjectSection(SolutionItems) = preProject
		.editorconfig = .editorconfig
		.gitignore = .gitignore
		Directory.Build.props = Directory.Build.props
		Directory.Packages.props = Directory.Packages.props
		global.json = global.json
		README.md = README.md
	EndProjectSection
EndProject
Project("{9A19103F-16F7-4668-BE54-9A1E7A4F7556}") = "Web", "src\Web\Web.csproj", "{4E4EE20C-F06A-4A1B-851F-C5577796941C}"
EndProject
Project("{9A19103F-16F7-4668-BE54-9A1E7A4F7556}") = "Application.FunctionalTests", "tests\Application.FunctionalTests\Application.FunctionalTests.csproj", "{EA6127A5-94C9-4C31-AD11-E6811B92B520}"
EndProject
Project("{9A19103F-16F7-4668-BE54-9A1E7A4F7556}") = "Infrastructure.IntegrationTests", "tests\Infrastructure.IntegrationTests\Infrastructure.IntegrationTests.csproj", "{01FA6786-921D-4CE8-8C50-4FDA66C9477D}"
EndProject
Project("{2150E333-8FDC-42A3-9474-1A3956D46DE8}") = "Application", "Application", "{61CE6A11-6D4A-48B9-8827-77F4D0FA9C9A}"
EndProject
Project("{9A19103F-16F7-4668-BE54-9A1E7A4F7556}") = "Application.Common", "src\Application\Application.Common\Application.Common.csproj", "{AF85FDB2-8A57-4F23-B419-8B99875B66D7}"
EndProject
Project("{9A19103F-16F7-4668-BE54-9A1E7A4F7556}") = "Application.Todo", "src\Application\Application.TodoItems\Application.Todo.csproj", "{81320C99-FCB6-47ED-9F4D-F7FB42B8CD9C}"
EndProject
Project("{2150E333-8FDC-42A3-9474-1A3956D46DE8}") = "Infrastructure", "Infrastructure", "{92A99E77-2A8B-42AA-BC7C-59C8065E5EFF}"
EndProject
Project("{9A19103F-16F7-4668-BE54-9A1E7A4F7556}") = "Infrastructure.Data", "src\Infrastructure\Infrastructure.Data\Infrastructure.Data.csproj", "{120BDE20-1B74-40E3-A0DA-6C95C655B772}"
EndProject
Project("{9A19103F-16F7-4668-BE54-9A1E7A4F7556}") = "Infrastructure.Identity", "src\Infrastructure\Infrastructure.Identity\Infrastructure.Identity.csproj", "{A8818705-629F-44A4-8213-ACF8EE73088D}"
EndProject
Project("{9A19103F-16F7-4668-BE54-9A1E7A4F7556}") = "Domain.Common", "src\Domain\Domain.Common\Domain.Common.csproj", "{14507CAF-5CCF-4E8F-9F8C-6E9B2ED76CE5}"
EndProject
Project("{9A19103F-16F7-4668-BE54-9A1E7A4F7556}") = "Domain.Constants", "src\Domain\Domain.Constants\Domain.Constants.csproj", "{B961E1D4-17B0-4115-BBB1-CED093269C43}"
EndProject
Project("{9A19103F-16F7-4668-BE54-9A1E7A4F7556}") = "Domain.Entities", "src\Domain\Domain.Entities\Domain.Entities.csproj", "{95D7933C-A4A5-4361-A74A-81CE1B685C26}"
EndProject
Project("{9A19103F-16F7-4668-BE54-9A1E7A4F7556}") = "Domain.Enums", "src\Domain\Domain.Enums\Domain.Enums.csproj", "{85C69590-9335-4A22-8FFC-F3D19C5DFC2E}"
EndProject
Project("{9A19103F-16F7-4668-BE54-9A1E7A4F7556}") = "Domain.Exceptions", "src\Domain\Domain.Exceptions\Domain.Exceptions.csproj", "{E4B8D3AE-CA45-4856-BDE2-11C1D8AA785E}"
EndProject
Project("{9A19103F-16F7-4668-BE54-9A1E7A4F7556}") = "Domain.ValueObjects", "src\Domain\Domain.ValueObjects\Domain.ValueObjects.csproj", "{DC3FC8E6-9540-470C-AAFF-84C7013D3055}"
EndProject
Project("{2150E333-8FDC-42A3-9474-1A3956D46DE8}") = "Domain", "Domain", "{74B0BB17-A12C-4658-9883-3B5C8C236B24}"
EndProject
Global
	GlobalSection(SolutionConfigurationPlatforms) = preSolution
		Debug|Any CPU = Debug|Any CPU
		Release|Any CPU = Release|Any CPU
	EndGlobalSection
	GlobalSection(ProjectConfigurationPlatforms) = postSolution
		{DEFF4009-1FAB-4392-80B6-707E2DC5C00B}.Debug|Any CPU.ActiveCfg = Debug|Any CPU
		{DEFF4009-1FAB-4392-80B6-707E2DC5C00B}.Debug|Any CPU.Build.0 = Debug|Any CPU
		{DEFF4009-1FAB-4392-80B6-707E2DC5C00B}.Release|Any CPU.ActiveCfg = Release|Any CPU
		{DEFF4009-1FAB-4392-80B6-707E2DC5C00B}.Release|Any CPU.Build.0 = Release|Any CPU
		{DC37FD87-552C-4613-9F16-1537CA522898}.Debug|Any CPU.ActiveCfg = Debug|Any CPU
		{DC37FD87-552C-4613-9F16-1537CA522898}.Debug|Any CPU.Build.0 = Debug|Any CPU
		{DC37FD87-552C-4613-9F16-1537CA522898}.Release|Any CPU.ActiveCfg = Release|Any CPU
		{DC37FD87-552C-4613-9F16-1537CA522898}.Release|Any CPU.Build.0 = Release|Any CPU
		{4E4EE20C-F06A-4A1B-851F-C5577796941C}.Debug|Any CPU.ActiveCfg = Debug|Any CPU
		{4E4EE20C-F06A-4A1B-851F-C5577796941C}.Debug|Any CPU.Build.0 = Debug|Any CPU
		{4E4EE20C-F06A-4A1B-851F-C5577796941C}.Release|Any CPU.ActiveCfg = Release|Any CPU
		{4E4EE20C-F06A-4A1B-851F-C5577796941C}.Release|Any CPU.Build.0 = Release|Any CPU
		{EA6127A5-94C9-4C31-AD11-E6811B92B520}.Debug|Any CPU.ActiveCfg = Debug|Any CPU
		{EA6127A5-94C9-4C31-AD11-E6811B92B520}.Debug|Any CPU.Build.0 = Debug|Any CPU
		{EA6127A5-94C9-4C31-AD11-E6811B92B520}.Release|Any CPU.ActiveCfg = Release|Any CPU
		{EA6127A5-94C9-4C31-AD11-E6811B92B520}.Release|Any CPU.Build.0 = Release|Any CPU
		{01FA6786-921D-4CE8-8C50-4FDA66C9477D}.Debug|Any CPU.ActiveCfg = Debug|Any CPU
		{01FA6786-921D-4CE8-8C50-4FDA66C9477D}.Debug|Any CPU.Build.0 = Debug|Any CPU
		{01FA6786-921D-4CE8-8C50-4FDA66C9477D}.Release|Any CPU.ActiveCfg = Release|Any CPU
		{01FA6786-921D-4CE8-8C50-4FDA66C9477D}.Release|Any CPU.Build.0 = Release|Any CPU
		{AF85FDB2-8A57-4F23-B419-8B99875B66D7}.Debug|Any CPU.ActiveCfg = Debug|Any CPU
		{AF85FDB2-8A57-4F23-B419-8B99875B66D7}.Debug|Any CPU.Build.0 = Debug|Any CPU
		{AF85FDB2-8A57-4F23-B419-8B99875B66D7}.Release|Any CPU.ActiveCfg = Release|Any CPU
		{AF85FDB2-8A57-4F23-B419-8B99875B66D7}.Release|Any CPU.Build.0 = Release|Any CPU
		{81320C99-FCB6-47ED-9F4D-F7FB42B8CD9C}.Debug|Any CPU.ActiveCfg = Debug|Any CPU
		{81320C99-FCB6-47ED-9F4D-F7FB42B8CD9C}.Debug|Any CPU.Build.0 = Debug|Any CPU
		{81320C99-FCB6-47ED-9F4D-F7FB42B8CD9C}.Release|Any CPU.ActiveCfg = Release|Any CPU
		{81320C99-FCB6-47ED-9F4D-F7FB42B8CD9C}.Release|Any CPU.Build.0 = Release|Any CPU
		{120BDE20-1B74-40E3-A0DA-6C95C655B772}.Debug|Any CPU.ActiveCfg = Debug|Any CPU
		{120BDE20-1B74-40E3-A0DA-6C95C655B772}.Debug|Any CPU.Build.0 = Debug|Any CPU
		{120BDE20-1B74-40E3-A0DA-6C95C655B772}.Release|Any CPU.ActiveCfg = Release|Any CPU
		{120BDE20-1B74-40E3-A0DA-6C95C655B772}.Release|Any CPU.Build.0 = Release|Any CPU
		{A8818705-629F-44A4-8213-ACF8EE73088D}.Debug|Any CPU.ActiveCfg = Debug|Any CPU
		{A8818705-629F-44A4-8213-ACF8EE73088D}.Debug|Any CPU.Build.0 = Debug|Any CPU
		{A8818705-629F-44A4-8213-ACF8EE73088D}.Release|Any CPU.ActiveCfg = Release|Any CPU
		{A8818705-629F-44A4-8213-ACF8EE73088D}.Release|Any CPU.Build.0 = Release|Any CPU
		{14507CAF-5CCF-4E8F-9F8C-6E9B2ED76CE5}.Debug|Any CPU.ActiveCfg = Debug|Any CPU
		{14507CAF-5CCF-4E8F-9F8C-6E9B2ED76CE5}.Debug|Any CPU.Build.0 = Debug|Any CPU
		{14507CAF-5CCF-4E8F-9F8C-6E9B2ED76CE5}.Release|Any CPU.ActiveCfg = Release|Any CPU
		{14507CAF-5CCF-4E8F-9F8C-6E9B2ED76CE5}.Release|Any CPU.Build.0 = Release|Any CPU
		{B961E1D4-17B0-4115-BBB1-CED093269C43}.Debug|Any CPU.ActiveCfg = Debug|Any CPU
		{B961E1D4-17B0-4115-BBB1-CED093269C43}.Debug|Any CPU.Build.0 = Debug|Any CPU
		{B961E1D4-17B0-4115-BBB1-CED093269C43}.Release|Any CPU.ActiveCfg = Release|Any CPU
		{B961E1D4-17B0-4115-BBB1-CED093269C43}.Release|Any CPU.Build.0 = Release|Any CPU
		{95D7933C-A4A5-4361-A74A-81CE1B685C26}.Debug|Any CPU.ActiveCfg = Debug|Any CPU
		{95D7933C-A4A5-4361-A74A-81CE1B685C26}.Debug|Any CPU.Build.0 = Debug|Any CPU
		{95D7933C-A4A5-4361-A74A-81CE1B685C26}.Release|Any CPU.ActiveCfg = Release|Any CPU
		{95D7933C-A4A5-4361-A74A-81CE1B685C26}.Release|Any CPU.Build.0 = Release|Any CPU
		{85C69590-9335-4A22-8FFC-F3D19C5DFC2E}.Debug|Any CPU.ActiveCfg = Debug|Any CPU
		{85C69590-9335-4A22-8FFC-F3D19C5DFC2E}.Debug|Any CPU.Build.0 = Debug|Any CPU
		{85C69590-9335-4A22-8FFC-F3D19C5DFC2E}.Release|Any CPU.ActiveCfg = Release|Any CPU
		{85C69590-9335-4A22-8FFC-F3D19C5DFC2E}.Release|Any CPU.Build.0 = Release|Any CPU
		{E4B8D3AE-CA45-4856-BDE2-11C1D8AA785E}.Debug|Any CPU.ActiveCfg = Debug|Any CPU
		{E4B8D3AE-CA45-4856-BDE2-11C1D8AA785E}.Debug|Any CPU.Build.0 = Debug|Any CPU
		{E4B8D3AE-CA45-4856-BDE2-11C1D8AA785E}.Release|Any CPU.ActiveCfg = Release|Any CPU
		{E4B8D3AE-CA45-4856-BDE2-11C1D8AA785E}.Release|Any CPU.Build.0 = Release|Any CPU
		{DC3FC8E6-9540-470C-AAFF-84C7013D3055}.Debug|Any CPU.ActiveCfg = Debug|Any CPU
		{DC3FC8E6-9540-470C-AAFF-84C7013D3055}.Debug|Any CPU.Build.0 = Debug|Any CPU
		{DC3FC8E6-9540-470C-AAFF-84C7013D3055}.Release|Any CPU.ActiveCfg = Release|Any CPU
		{DC3FC8E6-9540-470C-AAFF-84C7013D3055}.Release|Any CPU.Build.0 = Release|Any CPU
	EndGlobalSection
	GlobalSection(SolutionProperties) = preSolution
		HideSolutionNode = FALSE
	EndGlobalSection
	GlobalSection(NestedProjects) = preSolution
		{DEFF4009-1FAB-4392-80B6-707E2DC5C00B} = {664D406C-2F83-48F0-BFC3-408D5CB53C65}
		{DC37FD87-552C-4613-9F16-1537CA522898} = {664D406C-2F83-48F0-BFC3-408D5CB53C65}
		{4E4EE20C-F06A-4A1B-851F-C5577796941C} = {6ED356A7-8B47-4613-AD01-C85CF28491BD}
		{EA6127A5-94C9-4C31-AD11-E6811B92B520} = {664D406C-2F83-48F0-BFC3-408D5CB53C65}
		{01FA6786-921D-4CE8-8C50-4FDA66C9477D} = {664D406C-2F83-48F0-BFC3-408D5CB53C65}
		{61CE6A11-6D4A-48B9-8827-77F4D0FA9C9A} = {6ED356A7-8B47-4613-AD01-C85CF28491BD}
		{AF85FDB2-8A57-4F23-B419-8B99875B66D7} = {61CE6A11-6D4A-48B9-8827-77F4D0FA9C9A}
		{81320C99-FCB6-47ED-9F4D-F7FB42B8CD9C} = {61CE6A11-6D4A-48B9-8827-77F4D0FA9C9A}
		{92A99E77-2A8B-42AA-BC7C-59C8065E5EFF} = {6ED356A7-8B47-4613-AD01-C85CF28491BD}
		{120BDE20-1B74-40E3-A0DA-6C95C655B772} = {92A99E77-2A8B-42AA-BC7C-59C8065E5EFF}
		{A8818705-629F-44A4-8213-ACF8EE73088D} = {92A99E77-2A8B-42AA-BC7C-59C8065E5EFF}
		{14507CAF-5CCF-4E8F-9F8C-6E9B2ED76CE5} = {74B0BB17-A12C-4658-9883-3B5C8C236B24}
		{B961E1D4-17B0-4115-BBB1-CED093269C43} = {74B0BB17-A12C-4658-9883-3B5C8C236B24}
		{95D7933C-A4A5-4361-A74A-81CE1B685C26} = {74B0BB17-A12C-4658-9883-3B5C8C236B24}
		{85C69590-9335-4A22-8FFC-F3D19C5DFC2E} = {74B0BB17-A12C-4658-9883-3B5C8C236B24}
		{E4B8D3AE-CA45-4856-BDE2-11C1D8AA785E} = {74B0BB17-A12C-4658-9883-3B5C8C236B24}
		{DC3FC8E6-9540-470C-AAFF-84C7013D3055} = {74B0BB17-A12C-4658-9883-3B5C8C236B24}
		{74B0BB17-A12C-4658-9883-3B5C8C236B24} = {6ED356A7-8B47-4613-AD01-C85CF28491BD}
	EndGlobalSection
	GlobalSection(ExtensibilityGlobals) = postSolution
		SolutionGuid = {3CB609D9-5D54-4C11-A371-DAAC8B74E430}
	EndGlobalSection
EndGlobal
