
Microsoft Visual Studio Solution File, Format Version 12.00
# Visual Studio Version 17
VisualStudioVersion = 17.0.31903.59
MinimumVisualStudioVersion = 10.0.40219.1
Project("{2150E333-8FDC-42A3-9474-1A3956D46DE8}") = "src", "src", "{6ED356A7-8B47-4613-AD01-C85CF28491BD}"
EndProject
Project("{2150E333-8FDC-42A3-9474-1A3956D46DE8}") = "tests", "tests", "{664D406C-2F83-48F0-BFC3-408D5CB53C65}"
EndProject
Project("{2150E333-8FDC-42A3-9474-1A3956D46DE8}") = "Solution Items", "Solution Items", "{E2DA20AA-28D1-455C-BF50-C49A8F831633}"
	ProjectSection(SolutionItems) = preProject
		.editorconfig = .editorconfig
		.gitignore = .gitignore
		Directory.Build.props = Directory.Build.props
		Directory.Packages.props = Directory.Packages.props
		global.json = global.json
		README.md = README.md
	EndProjectSection
EndProject
Project("{9A19103F-16F7-4668-BE54-9A1E7A4F7556}") = "Nop.Core", "src\Nop.Core\Nop.Core.csproj", "{D3CDC74D-6F56-4134-A94F-D1665FB63C61}"
EndProject
Project("{9A19103F-16F7-4668-BE54-9A1E7A4F7556}") = "Nop.Data", "src\Nop.Data\Nop.Data.csproj", "{9556BECD-2977-4E58-B4DB-1D48B26B1D4A}"
EndProject
Project("{9A19103F-16F7-4668-BE54-9A1E7A4F7556}") = "Nop.Services", "src\Nop.Services\Nop.Services.csproj", "{4FBE171C-7E61-4677-9168-5B1B3D8A7691}"
EndProject
Project("{9A19103F-16F7-4668-BE54-9A1E7A4F7556}") = "Nop.Tests", "tests\Nop.Tests\Nop.Tests.csproj", "{A9E8C118-CCB4-47AE-AB41-5DC05153B7A0}"
EndProject
Project("{9A19103F-16F7-4668-BE54-9A1E7A4F7556}") = "Nop.Web.Framework", "src\Nop.Web.Framework\Nop.Web.Framework.csproj", "{1E038C78-7A2B-4295-A60F-A6B8C9DD52B8}"
EndProject
Project("{FAE04EC0-301F-11D3-BF4B-00C04F79EFBC}") = "Toss.Api", "src\Toss.Api\Toss.Api.csproj", "{B6D05A81-73DA-46EE-AFDB-6F350593763E}"
EndProject
Project("{2150E333-8FDC-42A3-9474-1A3956D46DE8}") = "Accounting", "Accounting", "{68A17606-A081-4987-A035-99B413FB47E8}"
EndProject
Project("{2150E333-8FDC-42A3-9474-1A3956D46DE8}") = "Selling", "Selling", "{F3070468-22A3-4EC5-947D-D1B382CA45C7}"
EndProject
Project("{2150E333-8FDC-42A3-9474-1A3956D46DE8}") = "Buying", "Buying", "{3D90F525-3124-4403-A075-4981F51D0EFB}"
EndProject
Project("{2150E333-8FDC-42A3-9474-1A3956D46DE8}") = "Inventory", "Inventory", "{32BD6AFD-279F-4AD4-AD99-8A99877A5854}"
EndProject
Project("{2150E333-8FDC-42A3-9474-1A3956D46DE8}") = "HumanResourceManagement", "HumanResourceManagement", "{48FAE8AF-9CE2-451A-808F-A4507F3E9022}"
EndProject
Project("{2150E333-8FDC-42A3-9474-1A3956D46DE8}") = "Manufacturing", "Manufacturing", "{1F8EDAEB-37B4-41AB-A1B2-7976B90E86AF}"
EndProject
Project("{FAE04EC0-301F-11D3-BF4B-00C04F79EFBC}") = "Investory.Domain", "src\Inventory\Investory.Domain\Investory.Domain.csproj", "{71F1333D-05F4-4B59-B7AA-A54D42FC8038}"
EndProject
Project("{FAE04EC0-301F-11D3-BF4B-00C04F79EFBC}") = "Investory.Infrastracture", "src\Inventory\Investory.Infrastracture\Investory.Infrastracture.csproj", "{D1FCEFF4-C86B-4574-8F07-C232BE251A13}"
EndProject
Project("{FAE04EC0-301F-11D3-BF4B-00C04F79EFBC}") = "Investory.Application", "src\Inventory\Investory.Application\Investory.Application.csproj", "{4E42F94B-BE82-4C95-ABFA-84E4856DCA0A}"
EndProject
Project("{FAE04EC0-301F-11D3-BF4B-00C04F79EFBC}") = "Investory.API", "src\Inventory\Investory.API\Investory.API.csproj", "{5ECCB313-E02B-4D28-A51F-A3BCACEA1C0A}"
EndProject
Project("{FAE04EC0-301F-11D3-BF4B-00C04F79EFBC}") = "Toss.AppHost", "Toss.AppHost\Toss.AppHost.csproj", "{DBBB80C2-3200-438C-B123-3C11BD29D477}"
EndProject
Project("{FAE04EC0-301F-11D3-BF4B-00C04F79EFBC}") = "Toss.ServiceDefaults", "Toss.ServiceDefaults\Toss.ServiceDefaults.csproj", "{912114D5-68D7-4121-82C0-3E9E0F5A2837}"
EndProject
Project("{2150E333-8FDC-42A3-9474-1A3956D46DE8}") = "Services", "Services", "{6F4B93A4-FEA5-4635-8488-EF1541F4AF97}"
EndProject
Project("{2150E333-8FDC-42A3-9474-1A3956D46DE8}") = "Clients", "Clients", "{6F5BC331-91BB-4F6F-89F6-7A724A0A1269}"
EndProject
Project("{2150E333-8FDC-42A3-9474-1A3956D46DE8}") = "Common", "Common", "{3A7F034A-68D7-49DA-A073-432C2023254A}"
EndProject
Project("{FAE04EC0-301F-11D3-BF4B-00C04F79EFBC}") = "Toss.Core", "src\Common\Toss.Core\Toss.Core.csproj", "{0F5E65E8-A574-4D33-BD79-37204E412A02}"
EndProject
Global
	GlobalSection(SolutionConfigurationPlatforms) = preSolution
		Debug|Any CPU = Debug|Any CPU
		Release|Any CPU = Release|Any CPU
	EndGlobalSection
	GlobalSection(ProjectConfigurationPlatforms) = postSolution
		{D3CDC74D-6F56-4134-A94F-D1665FB63C61}.Debug|Any CPU.ActiveCfg = Debug|Any CPU
		{D3CDC74D-6F56-4134-A94F-D1665FB63C61}.Debug|Any CPU.Build.0 = Debug|Any CPU
		{D3CDC74D-6F56-4134-A94F-D1665FB63C61}.Release|Any CPU.ActiveCfg = Release|Any CPU
		{D3CDC74D-6F56-4134-A94F-D1665FB63C61}.Release|Any CPU.Build.0 = Release|Any CPU
		{9556BECD-2977-4E58-B4DB-1D48B26B1D4A}.Debug|Any CPU.ActiveCfg = Debug|Any CPU
		{9556BECD-2977-4E58-B4DB-1D48B26B1D4A}.Debug|Any CPU.Build.0 = Debug|Any CPU
		{9556BECD-2977-4E58-B4DB-1D48B26B1D4A}.Release|Any CPU.ActiveCfg = Release|Any CPU
		{9556BECD-2977-4E58-B4DB-1D48B26B1D4A}.Release|Any CPU.Build.0 = Release|Any CPU
		{4FBE171C-7E61-4677-9168-5B1B3D8A7691}.Debug|Any CPU.ActiveCfg = Debug|Any CPU
		{4FBE171C-7E61-4677-9168-5B1B3D8A7691}.Debug|Any CPU.Build.0 = Debug|Any CPU
		{4FBE171C-7E61-4677-9168-5B1B3D8A7691}.Release|Any CPU.ActiveCfg = Release|Any CPU
		{4FBE171C-7E61-4677-9168-5B1B3D8A7691}.Release|Any CPU.Build.0 = Release|Any CPU
		{A9E8C118-CCB4-47AE-AB41-5DC05153B7A0}.Debug|Any CPU.ActiveCfg = Debug|Any CPU
		{A9E8C118-CCB4-47AE-AB41-5DC05153B7A0}.Debug|Any CPU.Build.0 = Debug|Any CPU
		{A9E8C118-CCB4-47AE-AB41-5DC05153B7A0}.Release|Any CPU.ActiveCfg = Release|Any CPU
		{A9E8C118-CCB4-47AE-AB41-5DC05153B7A0}.Release|Any CPU.Build.0 = Release|Any CPU
		{1E038C78-7A2B-4295-A60F-A6B8C9DD52B8}.Debug|Any CPU.ActiveCfg = Debug|Any CPU
		{1E038C78-7A2B-4295-A60F-A6B8C9DD52B8}.Debug|Any CPU.Build.0 = Debug|Any CPU
		{1E038C78-7A2B-4295-A60F-A6B8C9DD52B8}.Release|Any CPU.ActiveCfg = Release|Any CPU
		{1E038C78-7A2B-4295-A60F-A6B8C9DD52B8}.Release|Any CPU.Build.0 = Release|Any CPU
		{B6D05A81-73DA-46EE-AFDB-6F350593763E}.Debug|Any CPU.ActiveCfg = Debug|Any CPU
		{B6D05A81-73DA-46EE-AFDB-6F350593763E}.Debug|Any CPU.Build.0 = Debug|Any CPU
		{B6D05A81-73DA-46EE-AFDB-6F350593763E}.Release|Any CPU.ActiveCfg = Release|Any CPU
		{B6D05A81-73DA-46EE-AFDB-6F350593763E}.Release|Any CPU.Build.0 = Release|Any CPU
		{71F1333D-05F4-4B59-B7AA-A54D42FC8038}.Debug|Any CPU.ActiveCfg = Debug|Any CPU
		{71F1333D-05F4-4B59-B7AA-A54D42FC8038}.Debug|Any CPU.Build.0 = Debug|Any CPU
		{71F1333D-05F4-4B59-B7AA-A54D42FC8038}.Release|Any CPU.ActiveCfg = Release|Any CPU
		{71F1333D-05F4-4B59-B7AA-A54D42FC8038}.Release|Any CPU.Build.0 = Release|Any CPU
		{D1FCEFF4-C86B-4574-8F07-C232BE251A13}.Debug|Any CPU.ActiveCfg = Debug|Any CPU
		{D1FCEFF4-C86B-4574-8F07-C232BE251A13}.Debug|Any CPU.Build.0 = Debug|Any CPU
		{D1FCEFF4-C86B-4574-8F07-C232BE251A13}.Release|Any CPU.ActiveCfg = Release|Any CPU
		{D1FCEFF4-C86B-4574-8F07-C232BE251A13}.Release|Any CPU.Build.0 = Release|Any CPU
		{4E42F94B-BE82-4C95-ABFA-84E4856DCA0A}.Debug|Any CPU.ActiveCfg = Debug|Any CPU
		{4E42F94B-BE82-4C95-ABFA-84E4856DCA0A}.Debug|Any CPU.Build.0 = Debug|Any CPU
		{4E42F94B-BE82-4C95-ABFA-84E4856DCA0A}.Release|Any CPU.ActiveCfg = Release|Any CPU
		{4E42F94B-BE82-4C95-ABFA-84E4856DCA0A}.Release|Any CPU.Build.0 = Release|Any CPU
		{5ECCB313-E02B-4D28-A51F-A3BCACEA1C0A}.Debug|Any CPU.ActiveCfg = Debug|Any CPU
		{5ECCB313-E02B-4D28-A51F-A3BCACEA1C0A}.Debug|Any CPU.Build.0 = Debug|Any CPU
		{5ECCB313-E02B-4D28-A51F-A3BCACEA1C0A}.Release|Any CPU.ActiveCfg = Release|Any CPU
		{5ECCB313-E02B-4D28-A51F-A3BCACEA1C0A}.Release|Any CPU.Build.0 = Release|Any CPU
		{DBBB80C2-3200-438C-B123-3C11BD29D477}.Debug|Any CPU.ActiveCfg = Debug|Any CPU
		{DBBB80C2-3200-438C-B123-3C11BD29D477}.Debug|Any CPU.Build.0 = Debug|Any CPU
		{DBBB80C2-3200-438C-B123-3C11BD29D477}.Release|Any CPU.ActiveCfg = Release|Any CPU
		{DBBB80C2-3200-438C-B123-3C11BD29D477}.Release|Any CPU.Build.0 = Release|Any CPU
		{912114D5-68D7-4121-82C0-3E9E0F5A2837}.Debug|Any CPU.ActiveCfg = Debug|Any CPU
		{912114D5-68D7-4121-82C0-3E9E0F5A2837}.Debug|Any CPU.Build.0 = Debug|Any CPU
		{912114D5-68D7-4121-82C0-3E9E0F5A2837}.Release|Any CPU.ActiveCfg = Release|Any CPU
		{912114D5-68D7-4121-82C0-3E9E0F5A2837}.Release|Any CPU.Build.0 = Release|Any CPU
		{0F5E65E8-A574-4D33-BD79-37204E412A02}.Debug|Any CPU.ActiveCfg = Debug|Any CPU
		{0F5E65E8-A574-4D33-BD79-37204E412A02}.Debug|Any CPU.Build.0 = Debug|Any CPU
		{0F5E65E8-A574-4D33-BD79-37204E412A02}.Release|Any CPU.ActiveCfg = Release|Any CPU
		{0F5E65E8-A574-4D33-BD79-37204E412A02}.Release|Any CPU.Build.0 = Release|Any CPU
	EndGlobalSection
	GlobalSection(SolutionProperties) = preSolution
		HideSolutionNode = FALSE
	EndGlobalSection
	GlobalSection(NestedProjects) = preSolution
		{D3CDC74D-6F56-4134-A94F-D1665FB63C61} = {6ED356A7-8B47-4613-AD01-C85CF28491BD}
		{9556BECD-2977-4E58-B4DB-1D48B26B1D4A} = {6ED356A7-8B47-4613-AD01-C85CF28491BD}
		{4FBE171C-7E61-4677-9168-5B1B3D8A7691} = {6ED356A7-8B47-4613-AD01-C85CF28491BD}
		{A9E8C118-CCB4-47AE-AB41-5DC05153B7A0} = {664D406C-2F83-48F0-BFC3-408D5CB53C65}
		{1E038C78-7A2B-4295-A60F-A6B8C9DD52B8} = {6ED356A7-8B47-4613-AD01-C85CF28491BD}
		{B6D05A81-73DA-46EE-AFDB-6F350593763E} = {6ED356A7-8B47-4613-AD01-C85CF28491BD}
		{68A17606-A081-4987-A035-99B413FB47E8} = {6F4B93A4-FEA5-4635-8488-EF1541F4AF97}
		{F3070468-22A3-4EC5-947D-D1B382CA45C7} = {6F4B93A4-FEA5-4635-8488-EF1541F4AF97}
		{3D90F525-3124-4403-A075-4981F51D0EFB} = {6F4B93A4-FEA5-4635-8488-EF1541F4AF97}
		{32BD6AFD-279F-4AD4-AD99-8A99877A5854} = {6F4B93A4-FEA5-4635-8488-EF1541F4AF97}
		{48FAE8AF-9CE2-451A-808F-A4507F3E9022} = {6F4B93A4-FEA5-4635-8488-EF1541F4AF97}
		{1F8EDAEB-37B4-41AB-A1B2-7976B90E86AF} = {6F4B93A4-FEA5-4635-8488-EF1541F4AF97}
		{71F1333D-05F4-4B59-B7AA-A54D42FC8038} = {32BD6AFD-279F-4AD4-AD99-8A99877A5854}
		{D1FCEFF4-C86B-4574-8F07-C232BE251A13} = {32BD6AFD-279F-4AD4-AD99-8A99877A5854}
		{4E42F94B-BE82-4C95-ABFA-84E4856DCA0A} = {32BD6AFD-279F-4AD4-AD99-8A99877A5854}
		{5ECCB313-E02B-4D28-A51F-A3BCACEA1C0A} = {32BD6AFD-279F-4AD4-AD99-8A99877A5854}
		{DBBB80C2-3200-438C-B123-3C11BD29D477} = {6F5BC331-91BB-4F6F-89F6-7A724A0A1269}
		{912114D5-68D7-4121-82C0-3E9E0F5A2837} = {6F5BC331-91BB-4F6F-89F6-7A724A0A1269}
		{6F4B93A4-FEA5-4635-8488-EF1541F4AF97} = {6ED356A7-8B47-4613-AD01-C85CF28491BD}
		{6F5BC331-91BB-4F6F-89F6-7A724A0A1269} = {6ED356A7-8B47-4613-AD01-C85CF28491BD}
		{3A7F034A-68D7-49DA-A073-432C2023254A} = {6F4B93A4-FEA5-4635-8488-EF1541F4AF97}
		{0F5E65E8-A574-4D33-BD79-37204E412A02} = {3A7F034A-68D7-49DA-A073-432C2023254A}
	EndGlobalSection
	GlobalSection(ExtensibilityGlobals) = postSolution
		SolutionGuid = {3CB609D9-5D54-4C11-A371-DAAC8B74E430}
	EndGlobalSection
EndGlobal
