
Microsoft Visual Studio Solution File, Format Version 12.00
# Visual Studio Version 17
VisualStudioVersion = 17.0.31903.59
MinimumVisualStudioVersion = 10.0.40219.1
Project("{2150E333-8FDC-42A3-9474-1A3956D46DE8}") = "src", "src", "{6ED356A7-8B47-4613-AD01-C85CF28491BD}"
EndProject
Project("{2150E333-8FDC-42A3-9474-1A3956D46DE8}") = "tests", "tests", "{664D406C-2F83-48F0-BFC3-408D5CB53C65}"
EndProject
Project("{2150E333-8FDC-42A3-9474-1A3956D46DE8}") = "Solution Items", "Solution Items", "{E2DA20AA-28D1-455C-BF50-C49A8F831633}"
	ProjectSection(SolutionItems) = preProject
		.editorconfig = .editorconfig
		.gitignore = .gitignore
		Directory.Build.props = Directory.Build.props
		Directory.Packages.props = Directory.Packages.props
		global.json = global.json
		README.md = README.md
	EndProjectSection
EndProject
Project("{2150E333-8FDC-42A3-9474-1A3956D46DE8}") = "Application", "Application", "{61CE6A11-6D4A-48B9-8827-77F4D0FA9C9A}"
EndProject
Project("{9A19103F-16F7-4668-BE54-9A1E7A4F7556}") = "Application.Infrastructure", "src\Application\Application.Common\Application.Infrastructure.csproj", "{AF85FDB2-8A57-4F23-B419-8B99875B66D7}"
EndProject
Project("{9A19103F-16F7-4668-BE54-9A1E7A4F7556}") = "Application.Todo", "src\Application\Application.TodoItems\Application.Todo.csproj", "{81320C99-FCB6-47ED-9F4D-F7FB42B8CD9C}"
EndProject
Project("{2150E333-8FDC-42A3-9474-1A3956D46DE8}") = "Infrastructure", "Infrastructure", "{92A99E77-2A8B-42AA-BC7C-59C8065E5EFF}"
EndProject
Project("{9A19103F-16F7-4668-BE54-9A1E7A4F7556}") = "Infrastructure.Data", "src\Infrastructure\Infrastructure.Data\Infrastructure.Data.csproj", "{120BDE20-1B74-40E3-A0DA-6C95C655B772}"
EndProject
Project("{9A19103F-16F7-4668-BE54-9A1E7A4F7556}") = "Infrastructure.Identity", "src\Infrastructure\Infrastructure.Identity\Infrastructure.Identity.csproj", "{A8818705-629F-44A4-8213-ACF8EE73088D}"
EndProject
Project("{9A19103F-16F7-4668-BE54-9A1E7A4F7556}") = "Domain.Infrastructure", "src\Domain\Domain.Common\Domain.Infrastructure.csproj", "{14507CAF-5CCF-4E8F-9F8C-6E9B2ED76CE5}"
EndProject
Project("{9A19103F-16F7-4668-BE54-9A1E7A4F7556}") = "Domain.Constants", "src\Domain\Domain.Constants\Domain.Constants.csproj", "{B961E1D4-17B0-4115-BBB1-CED093269C43}"
EndProject
Project("{9A19103F-16F7-4668-BE54-9A1E7A4F7556}") = "Domain.Entities", "src\Domain\Domain.Entities\Domain.Entities.csproj", "{95D7933C-A4A5-4361-A74A-81CE1B685C26}"
EndProject
Project("{9A19103F-16F7-4668-BE54-9A1E7A4F7556}") = "Domain.Enums", "src\Domain\Domain.Enums\Domain.Enums.csproj", "{85C69590-9335-4A22-8FFC-F3D19C5DFC2E}"
EndProject
Project("{9A19103F-16F7-4668-BE54-9A1E7A4F7556}") = "Domain.Exceptions", "src\Domain\Domain.Exceptions\Domain.Exceptions.csproj", "{E4B8D3AE-CA45-4856-BDE2-11C1D8AA785E}"
EndProject
Project("{9A19103F-16F7-4668-BE54-9A1E7A4F7556}") = "Domain.ValueObjects", "src\Domain\Domain.ValueObjects\Domain.ValueObjects.csproj", "{DC3FC8E6-9540-470C-AAFF-84C7013D3055}"
EndProject
Project("{2150E333-8FDC-42A3-9474-1A3956D46DE8}") = "Domain", "Domain", "{74B0BB17-A12C-4658-9883-3B5C8C236B24}"
EndProject
Project("{9A19103F-16F7-4668-BE54-9A1E7A4F7556}") = "Domain.SeedWork", "src\Domain\Domain.SeedWork\Domain.SeedWork.csproj", "{94DFE3A3-8FC9-4624-BBD8-F3388C12EE47}"
EndProject
Project("{9A19103F-16F7-4668-BE54-9A1E7A4F7556}") = "Infrastructure.EventBus", "src\Infrastructure\Infrastructure.EventBus\Infrastructure.EventBus.csproj", "{9F927478-F6AE-49BA-B0E9-A78BFCD8D957}"
EndProject
Project("{9A19103F-16F7-4668-BE54-9A1E7A4F7556}") = "Infrastructure.EventBusRabbitMQ", "src\Infrastructure\Infrastructure.EventBusRabbitMQ\Infrastructure.EventBusRabbitMQ.csproj", "{99208BD4-9D07-4F67-B59F-843EB6345C88}"
EndProject
Project("{2150E333-8FDC-42A3-9474-1A3956D46DE8}") = "Shared", "Shared", "{FAE4C766-2FCE-4356-8814-D8256DF2F6AB}"
	ProjectSection(SolutionItems) = preProject
		src\Shared\ActivityExtensions.cs = src\Shared\ActivityExtensions.cs
		src\Shared\MigrateDbContextExtensions.cs = src\Shared\MigrateDbContextExtensions.cs
	EndProjectSection
EndProject
Project("{9A19103F-16F7-4668-BE54-9A1E7A4F7556}") = "Infrastructure.IntegrationEventLogEF", "src\Infrastructure\Infrastructure.IntegrationEventLogEF\Infrastructure.IntegrationEventLogEF.csproj", "{0F120B5F-AB77-41F6-84A9-5764D0C94CF7}"
EndProject
Project("{9A19103F-16F7-4668-BE54-9A1E7A4F7556}") = "Domain.Repositories", "src\Domain\Domain.Repositories\Domain.Repositories.csproj", "{98FAB06A-3EAE-4D4C-AAB0-41533443FEBF}"
EndProject
Project("{9A19103F-16F7-4668-BE54-9A1E7A4F7556}") = "Infrastructure.Repositories", "src\Infrastructure\Infrastructure.Repositories\Infrastructure.Repositories.csproj", "{CEE35F49-3788-4E5D-B52D-6C6112364FEA}"
EndProject
Project("{2150E333-8FDC-42A3-9474-1A3956D46DE8}") = "Service", "Service", "{DC09A155-1F19-477D-AF85-8F923CF72125}"
EndProject
Project("{9A19103F-16F7-4668-BE54-9A1E7A4F7556}") = "Service.ServiceDefaults", "src\Service\Service.ServiceDefaults\Service.ServiceDefaults.csproj", "{9AD846A8-7570-404D-B8AC-8AE623790692}"
EndProject
Project("{9A19103F-16F7-4668-BE54-9A1E7A4F7556}") = "Service.AppHost", "src\Service\Service.AppHost\Service.AppHost.csproj", "{5B388B58-3759-4D77-B334-0EA9A0C0E7FB}"
EndProject
Project("{2150E333-8FDC-42A3-9474-1A3956D46DE8}") = "API", "API", "{26AD5FBE-D72A-471F-A58D-DB2AF5851691}"
EndProject
Project("{9A19103F-16F7-4668-BE54-9A1E7A4F7556}") = "Application.Features.Product", "src\Application\Application.Features.Product\Application.Features.Product.csproj", "{2921ACD7-5113-49CB-928F-DCF5C9188B21}"
EndProject
Project("{9A19103F-16F7-4668-BE54-9A1E7A4F7556}") = "Web", "src\Service\Web\Web.csproj", "{4004E42A-9DA1-4A5A-8A51-60F1465DFEF4}"
EndProject
Project("{9A19103F-16F7-4668-BE54-9A1E7A4F7556}") = "Application.Features", "src\Application\Application.Features\Application.Features.csproj", "{16D0BFC6-FC6E-4047-8A46-0B4082583A5A}"
EndProject
Project("{9A19103F-16F7-4668-BE54-9A1E7A4F7556}") = "Application.Events", "src\Application\Application.Events\Application.Events.csproj", "{9AE8128A-61A6-490B-8821-8F6184BF26FC}"
EndProject
Project("{FAE04EC0-301F-11D3-BF4B-00C04F79EFBC}") = "Domain.Models", "src\Domain\Domain.Models\Domain.Models.csproj", "{4122B1FC-621D-42E7-8A3D-FAE3F22D9DFC}"
EndProject
Global
	GlobalSection(SolutionConfigurationPlatforms) = preSolution
		Debug|Any CPU = Debug|Any CPU
		Release|Any CPU = Release|Any CPU
	EndGlobalSection
	GlobalSection(ProjectConfigurationPlatforms) = postSolution
		{AF85FDB2-8A57-4F23-B419-8B99875B66D7}.Debug|Any CPU.ActiveCfg = Debug|Any CPU
		{AF85FDB2-8A57-4F23-B419-8B99875B66D7}.Debug|Any CPU.Build.0 = Debug|Any CPU
		{AF85FDB2-8A57-4F23-B419-8B99875B66D7}.Release|Any CPU.ActiveCfg = Release|Any CPU
		{AF85FDB2-8A57-4F23-B419-8B99875B66D7}.Release|Any CPU.Build.0 = Release|Any CPU
		{81320C99-FCB6-47ED-9F4D-F7FB42B8CD9C}.Debug|Any CPU.ActiveCfg = Debug|Any CPU
		{81320C99-FCB6-47ED-9F4D-F7FB42B8CD9C}.Debug|Any CPU.Build.0 = Debug|Any CPU
		{81320C99-FCB6-47ED-9F4D-F7FB42B8CD9C}.Release|Any CPU.ActiveCfg = Release|Any CPU
		{81320C99-FCB6-47ED-9F4D-F7FB42B8CD9C}.Release|Any CPU.Build.0 = Release|Any CPU
		{120BDE20-1B74-40E3-A0DA-6C95C655B772}.Debug|Any CPU.ActiveCfg = Debug|Any CPU
		{120BDE20-1B74-40E3-A0DA-6C95C655B772}.Debug|Any CPU.Build.0 = Debug|Any CPU
		{120BDE20-1B74-40E3-A0DA-6C95C655B772}.Release|Any CPU.ActiveCfg = Release|Any CPU
		{120BDE20-1B74-40E3-A0DA-6C95C655B772}.Release|Any CPU.Build.0 = Release|Any CPU
		{A8818705-629F-44A4-8213-ACF8EE73088D}.Debug|Any CPU.ActiveCfg = Debug|Any CPU
		{A8818705-629F-44A4-8213-ACF8EE73088D}.Debug|Any CPU.Build.0 = Debug|Any CPU
		{A8818705-629F-44A4-8213-ACF8EE73088D}.Release|Any CPU.ActiveCfg = Release|Any CPU
		{A8818705-629F-44A4-8213-ACF8EE73088D}.Release|Any CPU.Build.0 = Release|Any CPU
		{14507CAF-5CCF-4E8F-9F8C-6E9B2ED76CE5}.Debug|Any CPU.ActiveCfg = Debug|Any CPU
		{14507CAF-5CCF-4E8F-9F8C-6E9B2ED76CE5}.Debug|Any CPU.Build.0 = Debug|Any CPU
		{14507CAF-5CCF-4E8F-9F8C-6E9B2ED76CE5}.Release|Any CPU.ActiveCfg = Release|Any CPU
		{14507CAF-5CCF-4E8F-9F8C-6E9B2ED76CE5}.Release|Any CPU.Build.0 = Release|Any CPU
		{B961E1D4-17B0-4115-BBB1-CED093269C43}.Debug|Any CPU.ActiveCfg = Debug|Any CPU
		{B961E1D4-17B0-4115-BBB1-CED093269C43}.Debug|Any CPU.Build.0 = Debug|Any CPU
		{B961E1D4-17B0-4115-BBB1-CED093269C43}.Release|Any CPU.ActiveCfg = Release|Any CPU
		{B961E1D4-17B0-4115-BBB1-CED093269C43}.Release|Any CPU.Build.0 = Release|Any CPU
		{95D7933C-A4A5-4361-A74A-81CE1B685C26}.Debug|Any CPU.ActiveCfg = Debug|Any CPU
		{95D7933C-A4A5-4361-A74A-81CE1B685C26}.Debug|Any CPU.Build.0 = Debug|Any CPU
		{95D7933C-A4A5-4361-A74A-81CE1B685C26}.Release|Any CPU.ActiveCfg = Release|Any CPU
		{95D7933C-A4A5-4361-A74A-81CE1B685C26}.Release|Any CPU.Build.0 = Release|Any CPU
		{85C69590-9335-4A22-8FFC-F3D19C5DFC2E}.Debug|Any CPU.ActiveCfg = Debug|Any CPU
		{85C69590-9335-4A22-8FFC-F3D19C5DFC2E}.Debug|Any CPU.Build.0 = Debug|Any CPU
		{85C69590-9335-4A22-8FFC-F3D19C5DFC2E}.Release|Any CPU.ActiveCfg = Release|Any CPU
		{85C69590-9335-4A22-8FFC-F3D19C5DFC2E}.Release|Any CPU.Build.0 = Release|Any CPU
		{E4B8D3AE-CA45-4856-BDE2-11C1D8AA785E}.Debug|Any CPU.ActiveCfg = Debug|Any CPU
		{E4B8D3AE-CA45-4856-BDE2-11C1D8AA785E}.Debug|Any CPU.Build.0 = Debug|Any CPU
		{E4B8D3AE-CA45-4856-BDE2-11C1D8AA785E}.Release|Any CPU.ActiveCfg = Release|Any CPU
		{E4B8D3AE-CA45-4856-BDE2-11C1D8AA785E}.Release|Any CPU.Build.0 = Release|Any CPU
		{DC3FC8E6-9540-470C-AAFF-84C7013D3055}.Debug|Any CPU.ActiveCfg = Debug|Any CPU
		{DC3FC8E6-9540-470C-AAFF-84C7013D3055}.Debug|Any CPU.Build.0 = Debug|Any CPU
		{DC3FC8E6-9540-470C-AAFF-84C7013D3055}.Release|Any CPU.ActiveCfg = Release|Any CPU
		{DC3FC8E6-9540-470C-AAFF-84C7013D3055}.Release|Any CPU.Build.0 = Release|Any CPU
		{94DFE3A3-8FC9-4624-BBD8-F3388C12EE47}.Debug|Any CPU.ActiveCfg = Debug|Any CPU
		{94DFE3A3-8FC9-4624-BBD8-F3388C12EE47}.Debug|Any CPU.Build.0 = Debug|Any CPU
		{94DFE3A3-8FC9-4624-BBD8-F3388C12EE47}.Release|Any CPU.ActiveCfg = Release|Any CPU
		{94DFE3A3-8FC9-4624-BBD8-F3388C12EE47}.Release|Any CPU.Build.0 = Release|Any CPU
		{9F927478-F6AE-49BA-B0E9-A78BFCD8D957}.Debug|Any CPU.ActiveCfg = Debug|Any CPU
		{9F927478-F6AE-49BA-B0E9-A78BFCD8D957}.Debug|Any CPU.Build.0 = Debug|Any CPU
		{9F927478-F6AE-49BA-B0E9-A78BFCD8D957}.Release|Any CPU.ActiveCfg = Release|Any CPU
		{9F927478-F6AE-49BA-B0E9-A78BFCD8D957}.Release|Any CPU.Build.0 = Release|Any CPU
		{99208BD4-9D07-4F67-B59F-843EB6345C88}.Debug|Any CPU.ActiveCfg = Debug|Any CPU
		{99208BD4-9D07-4F67-B59F-843EB6345C88}.Debug|Any CPU.Build.0 = Debug|Any CPU
		{99208BD4-9D07-4F67-B59F-843EB6345C88}.Release|Any CPU.ActiveCfg = Release|Any CPU
		{99208BD4-9D07-4F67-B59F-843EB6345C88}.Release|Any CPU.Build.0 = Release|Any CPU
		{0F120B5F-AB77-41F6-84A9-5764D0C94CF7}.Debug|Any CPU.ActiveCfg = Debug|Any CPU
		{0F120B5F-AB77-41F6-84A9-5764D0C94CF7}.Debug|Any CPU.Build.0 = Debug|Any CPU
		{0F120B5F-AB77-41F6-84A9-5764D0C94CF7}.Release|Any CPU.ActiveCfg = Release|Any CPU
		{0F120B5F-AB77-41F6-84A9-5764D0C94CF7}.Release|Any CPU.Build.0 = Release|Any CPU
		{98FAB06A-3EAE-4D4C-AAB0-41533443FEBF}.Debug|Any CPU.ActiveCfg = Debug|Any CPU
		{98FAB06A-3EAE-4D4C-AAB0-41533443FEBF}.Debug|Any CPU.Build.0 = Debug|Any CPU
		{98FAB06A-3EAE-4D4C-AAB0-41533443FEBF}.Release|Any CPU.ActiveCfg = Release|Any CPU
		{98FAB06A-3EAE-4D4C-AAB0-41533443FEBF}.Release|Any CPU.Build.0 = Release|Any CPU
		{CEE35F49-3788-4E5D-B52D-6C6112364FEA}.Debug|Any CPU.ActiveCfg = Debug|Any CPU
		{CEE35F49-3788-4E5D-B52D-6C6112364FEA}.Debug|Any CPU.Build.0 = Debug|Any CPU
		{CEE35F49-3788-4E5D-B52D-6C6112364FEA}.Release|Any CPU.ActiveCfg = Release|Any CPU
		{CEE35F49-3788-4E5D-B52D-6C6112364FEA}.Release|Any CPU.Build.0 = Release|Any CPU
		{9AD846A8-7570-404D-B8AC-8AE623790692}.Debug|Any CPU.ActiveCfg = Debug|Any CPU
		{9AD846A8-7570-404D-B8AC-8AE623790692}.Debug|Any CPU.Build.0 = Debug|Any CPU
		{9AD846A8-7570-404D-B8AC-8AE623790692}.Release|Any CPU.ActiveCfg = Release|Any CPU
		{9AD846A8-7570-404D-B8AC-8AE623790692}.Release|Any CPU.Build.0 = Release|Any CPU
		{5B388B58-3759-4D77-B334-0EA9A0C0E7FB}.Debug|Any CPU.ActiveCfg = Debug|Any CPU
		{5B388B58-3759-4D77-B334-0EA9A0C0E7FB}.Debug|Any CPU.Build.0 = Debug|Any CPU
		{5B388B58-3759-4D77-B334-0EA9A0C0E7FB}.Release|Any CPU.ActiveCfg = Release|Any CPU
		{5B388B58-3759-4D77-B334-0EA9A0C0E7FB}.Release|Any CPU.Build.0 = Release|Any CPU
		{2921ACD7-5113-49CB-928F-DCF5C9188B21}.Debug|Any CPU.ActiveCfg = Debug|Any CPU
		{2921ACD7-5113-49CB-928F-DCF5C9188B21}.Debug|Any CPU.Build.0 = Debug|Any CPU
		{2921ACD7-5113-49CB-928F-DCF5C9188B21}.Release|Any CPU.ActiveCfg = Release|Any CPU
		{2921ACD7-5113-49CB-928F-DCF5C9188B21}.Release|Any CPU.Build.0 = Release|Any CPU
		{4004E42A-9DA1-4A5A-8A51-60F1465DFEF4}.Debug|Any CPU.ActiveCfg = Debug|Any CPU
		{4004E42A-9DA1-4A5A-8A51-60F1465DFEF4}.Debug|Any CPU.Build.0 = Debug|Any CPU
		{4004E42A-9DA1-4A5A-8A51-60F1465DFEF4}.Release|Any CPU.ActiveCfg = Release|Any CPU
		{4004E42A-9DA1-4A5A-8A51-60F1465DFEF4}.Release|Any CPU.Build.0 = Release|Any CPU
		{16D0BFC6-FC6E-4047-8A46-0B4082583A5A}.Debug|Any CPU.ActiveCfg = Debug|Any CPU
		{16D0BFC6-FC6E-4047-8A46-0B4082583A5A}.Debug|Any CPU.Build.0 = Debug|Any CPU
		{16D0BFC6-FC6E-4047-8A46-0B4082583A5A}.Release|Any CPU.ActiveCfg = Release|Any CPU
		{16D0BFC6-FC6E-4047-8A46-0B4082583A5A}.Release|Any CPU.Build.0 = Release|Any CPU
		{9AE8128A-61A6-490B-8821-8F6184BF26FC}.Debug|Any CPU.ActiveCfg = Debug|Any CPU
		{9AE8128A-61A6-490B-8821-8F6184BF26FC}.Debug|Any CPU.Build.0 = Debug|Any CPU
		{9AE8128A-61A6-490B-8821-8F6184BF26FC}.Release|Any CPU.ActiveCfg = Release|Any CPU
		{9AE8128A-61A6-490B-8821-8F6184BF26FC}.Release|Any CPU.Build.0 = Release|Any CPU
		{4122B1FC-621D-42E7-8A3D-FAE3F22D9DFC}.Debug|Any CPU.ActiveCfg = Debug|Any CPU
		{4122B1FC-621D-42E7-8A3D-FAE3F22D9DFC}.Debug|Any CPU.Build.0 = Debug|Any CPU
		{4122B1FC-621D-42E7-8A3D-FAE3F22D9DFC}.Release|Any CPU.ActiveCfg = Release|Any CPU
		{4122B1FC-621D-42E7-8A3D-FAE3F22D9DFC}.Release|Any CPU.Build.0 = Release|Any CPU
	EndGlobalSection
	GlobalSection(SolutionProperties) = preSolution
		HideSolutionNode = FALSE
	EndGlobalSection
	GlobalSection(NestedProjects) = preSolution
		{61CE6A11-6D4A-48B9-8827-77F4D0FA9C9A} = {6ED356A7-8B47-4613-AD01-C85CF28491BD}
		{AF85FDB2-8A57-4F23-B419-8B99875B66D7} = {61CE6A11-6D4A-48B9-8827-77F4D0FA9C9A}
		{81320C99-FCB6-47ED-9F4D-F7FB42B8CD9C} = {61CE6A11-6D4A-48B9-8827-77F4D0FA9C9A}
		{92A99E77-2A8B-42AA-BC7C-59C8065E5EFF} = {6ED356A7-8B47-4613-AD01-C85CF28491BD}
		{120BDE20-1B74-40E3-A0DA-6C95C655B772} = {92A99E77-2A8B-42AA-BC7C-59C8065E5EFF}
		{A8818705-629F-44A4-8213-ACF8EE73088D} = {92A99E77-2A8B-42AA-BC7C-59C8065E5EFF}
		{14507CAF-5CCF-4E8F-9F8C-6E9B2ED76CE5} = {74B0BB17-A12C-4658-9883-3B5C8C236B24}
		{B961E1D4-17B0-4115-BBB1-CED093269C43} = {74B0BB17-A12C-4658-9883-3B5C8C236B24}
		{95D7933C-A4A5-4361-A74A-81CE1B685C26} = {74B0BB17-A12C-4658-9883-3B5C8C236B24}
		{85C69590-9335-4A22-8FFC-F3D19C5DFC2E} = {74B0BB17-A12C-4658-9883-3B5C8C236B24}
		{E4B8D3AE-CA45-4856-BDE2-11C1D8AA785E} = {74B0BB17-A12C-4658-9883-3B5C8C236B24}
		{DC3FC8E6-9540-470C-AAFF-84C7013D3055} = {74B0BB17-A12C-4658-9883-3B5C8C236B24}
		{74B0BB17-A12C-4658-9883-3B5C8C236B24} = {6ED356A7-8B47-4613-AD01-C85CF28491BD}
		{94DFE3A3-8FC9-4624-BBD8-F3388C12EE47} = {74B0BB17-A12C-4658-9883-3B5C8C236B24}
		{9F927478-F6AE-49BA-B0E9-A78BFCD8D957} = {92A99E77-2A8B-42AA-BC7C-59C8065E5EFF}
		{99208BD4-9D07-4F67-B59F-843EB6345C88} = {92A99E77-2A8B-42AA-BC7C-59C8065E5EFF}
		{FAE4C766-2FCE-4356-8814-D8256DF2F6AB} = {6ED356A7-8B47-4613-AD01-C85CF28491BD}
		{0F120B5F-AB77-41F6-84A9-5764D0C94CF7} = {92A99E77-2A8B-42AA-BC7C-59C8065E5EFF}
		{98FAB06A-3EAE-4D4C-AAB0-41533443FEBF} = {74B0BB17-A12C-4658-9883-3B5C8C236B24}
		{CEE35F49-3788-4E5D-B52D-6C6112364FEA} = {92A99E77-2A8B-42AA-BC7C-59C8065E5EFF}
		{DC09A155-1F19-477D-AF85-8F923CF72125} = {6ED356A7-8B47-4613-AD01-C85CF28491BD}
		{9AD846A8-7570-404D-B8AC-8AE623790692} = {DC09A155-1F19-477D-AF85-8F923CF72125}
		{5B388B58-3759-4D77-B334-0EA9A0C0E7FB} = {DC09A155-1F19-477D-AF85-8F923CF72125}
		{26AD5FBE-D72A-471F-A58D-DB2AF5851691} = {6ED356A7-8B47-4613-AD01-C85CF28491BD}
		{2921ACD7-5113-49CB-928F-DCF5C9188B21} = {61CE6A11-6D4A-48B9-8827-77F4D0FA9C9A}
		{4004E42A-9DA1-4A5A-8A51-60F1465DFEF4} = {DC09A155-1F19-477D-AF85-8F923CF72125}
		{16D0BFC6-FC6E-4047-8A46-0B4082583A5A} = {61CE6A11-6D4A-48B9-8827-77F4D0FA9C9A}
		{9AE8128A-61A6-490B-8821-8F6184BF26FC} = {61CE6A11-6D4A-48B9-8827-77F4D0FA9C9A}
		{4122B1FC-621D-42E7-8A3D-FAE3F22D9DFC} = {74B0BB17-A12C-4658-9883-3B5C8C236B24}
	EndGlobalSection
	GlobalSection(ExtensibilityGlobals) = postSolution
		SolutionGuid = {3CB609D9-5D54-4C11-A371-DAAC8B74E430}
	EndGlobalSection
EndGlobal
